
Microsoft Visual Studio Solution File, Format Version 12.00
# Visual Studio Version 17
VisualStudioVersion = 17.5.33627.172
MinimumVisualStudioVersion = 10.0.40219.1
Project("{FAE04EC0-301F-11D3-BF4B-00C04F79EFBC}") = "TodoApiServer", "TodoApiServer\TodoApiServer.csproj", "{EC31DE6F-FB16-45B8-B0D8-43D9659A5E90}"
EndProject
Project("{FAE04EC0-301F-11D3-BF4B-00C04F79EFBC}") = "BookRentalShopApi", "BookRentalShopApi\BookRentalShopApi.csproj", "{4F84977C-F374-4F0D-B6A3-3E07F3AC2EB1}"
EndProject
Global
	GlobalSection(SolutionConfigurationPlatforms) = preSolution
		Debug|Any CPU = Debug|Any CPU
		Release|Any CPU = Release|Any CPU
	EndGlobalSection
	GlobalSection(ProjectConfigurationPlatforms) = postSolution
		{EC31DE6F-FB16-45B8-B0D8-43D9659A5E90}.Debug|Any CPU.ActiveCfg = Debug|Any CPU
		{EC31DE6F-FB16-45B8-B0D8-43D9659A5E90}.Debug|Any CPU.Build.0 = Debug|Any CPU
		{EC31DE6F-FB16-45B8-B0D8-43D9659A5E90}.Release|Any CPU.ActiveCfg = Release|Any CPU
		{EC31DE6F-FB16-45B8-B0D8-43D9659A5E90}.Release|Any CPU.Build.0 = Release|Any CPU
		{4F84977C-F374-4F0D-B6A3-3E07F3AC2EB1}.Debug|Any CPU.ActiveCfg = Debug|Any CPU
		{4F84977C-F374-4F0D-B6A3-3E07F3AC2EB1}.Debug|Any CPU.Build.0 = Debug|Any CPU
		{4F84977C-F374-4F0D-B6A3-3E07F3AC2EB1}.Release|Any CPU.ActiveCfg = Release|Any CPU
		{4F84977C-F374-4F0D-B6A3-3E07F3AC2EB1}.Release|Any CPU.Build.0 = Release|Any CPU
	EndGlobalSection
	GlobalSection(SolutionProperties) = preSolution
		HideSolutionNode = FALSE
	EndGlobalSection
	GlobalSection(ExtensibilityGlobals) = postSolution
		SolutionGuid = {22CB69AB-C162-4B40-956D-62F60F2CF044}
	EndGlobalSection
EndGlobal
