
Microsoft Visual Studio Solution File, Format Version 12.00
# Visual Studio Version 17
VisualStudioVersion = 17.5.33627.172
MinimumVisualStudioVersion = 10.0.40219.1
Project("{9A19103F-16F7-4668-BE54-9A1E7A4F7556}") = "aspnet03_portpoiloWebApp", "aspnet03_portpoiloWebApp.csproj", "{F5C7B14D-AC96-4B32-A7E6-525FD84736A3}"
EndProject
Global
	GlobalSection(SolutionConfigurationPlatforms) = preSolution
		Debug|Any CPU = Debug|Any CPU
		Release|Any CPU = Release|Any CPU
	EndGlobalSection
	GlobalSection(ProjectConfigurationPlatforms) = postSolution
		{F5C7B14D-AC96-4B32-A7E6-525FD84736A3}.Debug|Any CPU.ActiveCfg = Debug|Any CPU
		{F5C7B14D-AC96-4B32-A7E6-525FD84736A3}.Debug|Any CPU.Build.0 = Debug|Any CPU
		{F5C7B14D-AC96-4B32-A7E6-525FD84736A3}.Release|Any CPU.ActiveCfg = Release|Any CPU
		{F5C7B14D-AC96-4B32-A7E6-525FD84736A3}.Release|Any CPU.Build.0 = Release|Any CPU
	EndGlobalSection
	GlobalSection(SolutionProperties) = preSolution
		HideSolutionNode = FALSE
	EndGlobalSection
	GlobalSection(ExtensibilityGlobals) = postSolution
		SolutionGuid = {0B288C3F-9BF3-4423-9025-8253D4411F4E}
	EndGlobalSection
EndGlobal
